
Microsoft Visual Studio Solution File, Format Version 12.00
# Visual Studio Version 17
VisualStudioVersion = 17.9.34728.123
MinimumVisualStudioVersion = 10.0.40219.1
Project("{9A19103F-16F7-4668-BE54-9A1E7A4F7556}") = "CampingNeretva.API", "CampingNeretva.API\CampingNeretva.API.csproj", "{6DA5189A-EFDE-476F-ADCD-F8B605F75341}"
EndProject
Project("{9A19103F-16F7-4668-BE54-9A1E7A4F7556}") = "CampingNeretva.Model", "CampingNeretva.Model\CampingNeretva.Model.csproj", "{09B3104B-F76F-4B78-AAB3-A54E9496181A}"
EndProject
Project("{9A19103F-16F7-4668-BE54-9A1E7A4F7556}") = "CampingNeretva.Service", "CampingNeretva.Service\CampingNeretva.Service.csproj", "{26AF3C82-738C-44A5-8CC6-4842FE0068EB}"
EndProject
Project("{FAE04EC0-301F-11D3-BF4B-00C04F79EFBC}") = "CampingNeretva.Subscriber", "CampingNeretva.Subscriber\CampingNeretva.Subscriber.csproj", "{5C4850FE-2BFB-4075-9146-BD092AF1AD39}"
EndProject
Global
	GlobalSection(SolutionConfigurationPlatforms) = preSolution
		Debug|Any CPU = Debug|Any CPU
		Release|Any CPU = Release|Any CPU
	EndGlobalSection
	GlobalSection(ProjectConfigurationPlatforms) = postSolution
		{6DA5189A-EFDE-476F-ADCD-F8B605F75341}.Debug|Any CPU.ActiveCfg = Debug|Any CPU
		{6DA5189A-EFDE-476F-ADCD-F8B605F75341}.Debug|Any CPU.Build.0 = Debug|Any CPU
		{6DA5189A-EFDE-476F-ADCD-F8B605F75341}.Release|Any CPU.ActiveCfg = Release|Any CPU
		{6DA5189A-EFDE-476F-ADCD-F8B605F75341}.Release|Any CPU.Build.0 = Release|Any CPU
		{09B3104B-F76F-4B78-AAB3-A54E9496181A}.Debug|Any CPU.ActiveCfg = Debug|Any CPU
		{09B3104B-F76F-4B78-AAB3-A54E9496181A}.Debug|Any CPU.Build.0 = Debug|Any CPU
		{09B3104B-F76F-4B78-AAB3-A54E9496181A}.Release|Any CPU.ActiveCfg = Release|Any CPU
		{09B3104B-F76F-4B78-AAB3-A54E9496181A}.Release|Any CPU.Build.0 = Release|Any CPU
		{26AF3C82-738C-44A5-8CC6-4842FE0068EB}.Debug|Any CPU.ActiveCfg = Debug|Any CPU
		{26AF3C82-738C-44A5-8CC6-4842FE0068EB}.Debug|Any CPU.Build.0 = Debug|Any CPU
		{26AF3C82-738C-44A5-8CC6-4842FE0068EB}.Release|Any CPU.ActiveCfg = Release|Any CPU
		{26AF3C82-738C-44A5-8CC6-4842FE0068EB}.Release|Any CPU.Build.0 = Release|Any CPU
		{5C4850FE-2BFB-4075-9146-BD092AF1AD39}.Debug|Any CPU.ActiveCfg = Debug|Any CPU
		{5C4850FE-2BFB-4075-9146-BD092AF1AD39}.Debug|Any CPU.Build.0 = Debug|Any CPU
		{5C4850FE-2BFB-4075-9146-BD092AF1AD39}.Release|Any CPU.ActiveCfg = Release|Any CPU
		{5C4850FE-2BFB-4075-9146-BD092AF1AD39}.Release|Any CPU.Build.0 = Release|Any CPU
	EndGlobalSection
	GlobalSection(SolutionProperties) = preSolution
		HideSolutionNode = FALSE
	EndGlobalSection
	GlobalSection(ExtensibilityGlobals) = postSolution
		SolutionGuid = {A57F281B-E25E-4080-BC02-AF5806DDC8FA}
	EndGlobalSection
EndGlobal
